
Microsoft Visual Studio Solution File, Format Version 12.00
# Visual Studio Version 16
VisualStudioVersion = 16.0.30413.136
MinimumVisualStudioVersion = 10.0.40219.1
Project("{FAE04EC0-301F-11D3-BF4B-00C04F79EFBC}") = "Tabbed.Android", "Tabbed\Tabbed.Android\Tabbed.Android.csproj", "{31694B13-D866-4B27-8ED8-DD306175B2CF}"
EndProject
Project("{FAE04EC0-301F-11D3-BF4B-00C04F79EFBC}") = "Tabbed", "Tabbed\Tabbed\Tabbed.csproj", "{0AA4DE6B-AD30-4372-83AA-1DD8E0599A16}"
EndProject
Global
	GlobalSection(SolutionConfigurationPlatforms) = preSolution
		Debug|Any CPU = Debug|Any CPU
		Release|Any CPU = Release|Any CPU
	EndGlobalSection
	GlobalSection(ProjectConfigurationPlatforms) = postSolution
		{31694B13-D866-4B27-8ED8-DD306175B2CF}.Debug|Any CPU.ActiveCfg = Debug|Any CPU
		{31694B13-D866-4B27-8ED8-DD306175B2CF}.Debug|Any CPU.Build.0 = Debug|Any CPU
		{31694B13-D866-4B27-8ED8-DD306175B2CF}.Debug|Any CPU.Deploy.0 = Debug|Any CPU
		{31694B13-D866-4B27-8ED8-DD306175B2CF}.Release|Any CPU.ActiveCfg = Release|Any CPU
		{31694B13-D866-4B27-8ED8-DD306175B2CF}.Release|Any CPU.Build.0 = Release|Any CPU
		{31694B13-D866-4B27-8ED8-DD306175B2CF}.Release|Any CPU.Deploy.0 = Release|Any CPU
		{0AA4DE6B-AD30-4372-83AA-1DD8E0599A16}.Debug|Any CPU.ActiveCfg = Debug|Any CPU
		{0AA4DE6B-AD30-4372-83AA-1DD8E0599A16}.Debug|Any CPU.Build.0 = Debug|Any CPU
		{0AA4DE6B-AD30-4372-83AA-1DD8E0599A16}.Debug|Any CPU.Deploy.0 = Debug|Any CPU
		{0AA4DE6B-AD30-4372-83AA-1DD8E0599A16}.Release|Any CPU.ActiveCfg = Release|Any CPU
		{0AA4DE6B-AD30-4372-83AA-1DD8E0599A16}.Release|Any CPU.Build.0 = Release|Any CPU
		{0AA4DE6B-AD30-4372-83AA-1DD8E0599A16}.Release|Any CPU.Deploy.0 = Release|Any CPU
	EndGlobalSection
	GlobalSection(SolutionProperties) = preSolution
		HideSolutionNode = FALSE
	EndGlobalSection
	GlobalSection(ExtensibilityGlobals) = postSolution
		SolutionGuid = {E8AE3674-8F8D-425F-A576-CC8AD3627826}
	EndGlobalSection
EndGlobal
